
Microsoft Visual Studio Solution File, Format Version 12.00
# Visual Studio Version 16
VisualStudioVersion = 16.0.36107.64
MinimumVisualStudioVersion = 10.0.40219.1
Project("{8BC9CEB8-8B4A-11D0-8D11-00A0C91BC942}") = "4", "4.vcxproj", "{6B7F0539-6244-470A-82DE-6C63D6ACDF65}"
EndProject
Global
	GlobalSection(SolutionConfigurationPlatforms) = preSolution
		Debug|x64 = Debug|x64
		Debug|x86 = Debug|x86
		Release|x64 = Release|x64
		Release|x86 = Release|x86
	EndGlobalSection
	GlobalSection(ProjectConfigurationPlatforms) = postSolution
		{6B7F0539-6244-470A-82DE-6C63D6ACDF65}.Debug|x64.ActiveCfg = Debug|x64
		{6B7F0539-6244-470A-82DE-6C63D6ACDF65}.Debug|x64.Build.0 = Debug|x64
		{6B7F0539-6244-470A-82DE-6C63D6ACDF65}.Debug|x86.ActiveCfg = Debug|Win32
		{6B7F0539-6244-470A-82DE-6C63D6ACDF65}.Debug|x86.Build.0 = Debug|Win32
		{6B7F0539-6244-470A-82DE-6C63D6ACDF65}.Release|x64.ActiveCfg = Release|x64
		{6B7F0539-6244-470A-82DE-6C63D6ACDF65}.Release|x64.Build.0 = Release|x64
		{6B7F0539-6244-470A-82DE-6C63D6ACDF65}.Release|x86.ActiveCfg = Release|Win32
		{6B7F0539-6244-470A-82DE-6C63D6ACDF65}.Release|x86.Build.0 = Release|Win32
	EndGlobalSection
	GlobalSection(SolutionProperties) = preSolution
		HideSolutionNode = FALSE
	EndGlobalSection
	GlobalSection(ExtensibilityGlobals) = postSolution
		SolutionGuid = {8EDF1E63-8CE3-4ED0-B81E-FCAEE700C176}
	EndGlobalSection
EndGlobal
